
Microsoft Visual Studio Solution File, Format Version 12.00
# Visual Studio Version 17
VisualStudioVersion = 17.5.33414.496
MinimumVisualStudioVersion = 10.0.40219.1
Project("{9A19103F-16F7-4668-BE54-9A1E7A4F7556}") = "Assignment4", "Assignment4\Assignment4.csproj", "{22CF99BB-AE75-4314-BF56-1C280E181142}"
EndProject
Project("{9A19103F-16F7-4668-BE54-9A1E7A4F7556}") = "ConsoleApp", "ConsoleApp\ConsoleApp.csproj", "{E6788709-F083-4E6E-A815-3C91D9F7023B}"
EndProject
Project("{2150E333-8FDC-42A3-9474-1A3956D46DE8}") = "GameServer", "GameServer", "{A342D062-B41D-4169-A412-D6BED29FEE41}"
EndProject
Global
	GlobalSection(SolutionConfigurationPlatforms) = preSolution
		Debug|Any CPU = Debug|Any CPU
		Release|Any CPU = Release|Any CPU
	EndGlobalSection
	GlobalSection(ProjectConfigurationPlatforms) = postSolution
		{22CF99BB-AE75-4314-BF56-1C280E181142}.Debug|Any CPU.ActiveCfg = Debug|Any CPU
		{22CF99BB-AE75-4314-BF56-1C280E181142}.Debug|Any CPU.Build.0 = Debug|Any CPU
		{22CF99BB-AE75-4314-BF56-1C280E181142}.Release|Any CPU.ActiveCfg = Release|Any CPU
		{22CF99BB-AE75-4314-BF56-1C280E181142}.Release|Any CPU.Build.0 = Release|Any CPU
		{E6788709-F083-4E6E-A815-3C91D9F7023B}.Debug|Any CPU.ActiveCfg = Debug|Any CPU
		{E6788709-F083-4E6E-A815-3C91D9F7023B}.Debug|Any CPU.Build.0 = Debug|Any CPU
		{E6788709-F083-4E6E-A815-3C91D9F7023B}.Release|Any CPU.ActiveCfg = Release|Any CPU
		{E6788709-F083-4E6E-A815-3C91D9F7023B}.Release|Any CPU.Build.0 = Release|Any CPU
	EndGlobalSection
	GlobalSection(SolutionProperties) = preSolution
		HideSolutionNode = FALSE
	EndGlobalSection
	GlobalSection(NestedProjects) = preSolution
		{22CF99BB-AE75-4314-BF56-1C280E181142} = {A342D062-B41D-4169-A412-D6BED29FEE41}
	EndGlobalSection
	GlobalSection(ExtensibilityGlobals) = postSolution
		SolutionGuid = {6B9CCEC2-DB1B-4933-AB2E-D454347C7507}
	EndGlobalSection
EndGlobal
